// !$*UTF8*$!
{
	archiveVersion = 1;
	classes = {
	};
	objectVersion = 55;
	objects = {

/* Begin PBXBuildFile section */
		6A91FEC82740F7250052EBE2 /* skin.json in Resources */ = {isa = PBXBuildFile; fileRef = 6A91FEC62740F7250052EBE2 /* skin.json */; };
		6A91FEC92740F7250052EBE2 /* cream.json in Resources */ = {isa = PBXBuildFile; fileRef = 6A91FEC72740F7250052EBE2 /* cream.json */; };
		6A91FECB2740FD2C0052EBE2 /* RankingViewControllerTests.swift in Sources */ = {isa = PBXBuildFile; fileRef = 6A91FECA2740FD2C0052EBE2 /* RankingViewControllerTests.swift */; };
		6ACE5AF12740E599004DD020 /* AppDelegate.swift in Sources */ = {isa = PBXBuildFile; fileRef = 6ACE5AF02740E599004DD020 /* AppDelegate.swift */; };
		6ACE5AF32740E599004DD020 /* SceneDelegate.swift in Sources */ = {isa = PBXBuildFile; fileRef = 6ACE5AF22740E599004DD020 /* SceneDelegate.swift */; };
		6ACE5AF52740E599004DD020 /* MainViewController.swift in Sources */ = {isa = PBXBuildFile; fileRef = 6ACE5AF42740E599004DD020 /* MainViewController.swift */; };
		6ACE5AF82740E599004DD020 /* Main.storyboard in Resources */ = {isa = PBXBuildFile; fileRef = 6ACE5AF62740E599004DD020 /* Main.storyboard */; };
		6ACE5AFA2740E59A004DD020 /* Assets.xcassets in Resources */ = {isa = PBXBuildFile; fileRef = 6ACE5AF92740E59A004DD020 /* Assets.xcassets */; };
		6ACE5AFD2740E59A004DD020 /* LaunchScreen.storyboard in Resources */ = {isa = PBXBuildFile; fileRef = 6ACE5AFB2740E59A004DD020 /* LaunchScreen.storyboard */; };
		6ACE5B152740E6E7004DD020 /* SnapKit in Frameworks */ = {isa = PBXBuildFile; productRef = 6ACE5B142740E6E7004DD020 /* SnapKit */; };
		6ACE5B182740E6F8004DD020 /* Then in Frameworks */ = {isa = PBXBuildFile; productRef = 6ACE5B172740E6F8004DD020 /* Then */; };
		6ACE5B1B2740E92B004DD020 /* RankingViewController.swift in Sources */ = {isa = PBXBuildFile; fileRef = 6ACE5B1A2740E92B004DD020 /* RankingViewController.swift */; };
		6ACE5B1E2740ED26004DD020 /* ProductModel.swift in Sources */ = {isa = PBXBuildFile; fileRef = 6ACE5B1D2740ED26004DD020 /* ProductModel.swift */; };
		6ACE5B212740EDAB004DD020 /* RankingCell.swift in Sources */ = {isa = PBXBuildFile; fileRef = 6ACE5B202740EDAB004DD020 /* RankingCell.swift */; };
/* End PBXBuildFile section */

/* Begin PBXContainerItemProxy section */
		6ACE5B0E2740E669004DD020 /* PBXContainerItemProxy */ = {
			isa = PBXContainerItemProxy;
			containerPortal = 6ACE5AE52740E599004DD020 /* Project object */;
			proxyType = 1;
			remoteGlobalIDString = 6ACE5AEC2740E599004DD020;
			remoteInfo = UITestExample;
		};
/* End PBXContainerItemProxy section */

/* Begin PBXFileReference section */
		6A91FEC62740F7250052EBE2 /* skin.json */ = {isa = PBXFileReference; fileEncoding = 4; lastKnownFileType = text.json; path = skin.json; sourceTree = "<group>"; };
		6A91FEC72740F7250052EBE2 /* cream.json */ = {isa = PBXFileReference; fileEncoding = 4; lastKnownFileType = text.json; path = cream.json; sourceTree = "<group>"; };
		6A91FECA2740FD2C0052EBE2 /* RankingViewControllerTests.swift */ = {isa = PBXFileReference; lastKnownFileType = sourcecode.swift; path = RankingViewControllerTests.swift; sourceTree = "<group>"; };
		6ACE5AED2740E599004DD020 /* UITestExample.app */ = {isa = PBXFileReference; explicitFileType = wrapper.application; includeInIndex = 0; path = UITestExample.app; sourceTree = BUILT_PRODUCTS_DIR; };
		6ACE5AF02740E599004DD020 /* AppDelegate.swift */ = {isa = PBXFileReference; lastKnownFileType = sourcecode.swift; path = AppDelegate.swift; sourceTree = "<group>"; };
		6ACE5AF22740E599004DD020 /* SceneDelegate.swift */ = {isa = PBXFileReference; lastKnownFileType = sourcecode.swift; path = SceneDelegate.swift; sourceTree = "<group>"; };
		6ACE5AF42740E599004DD020 /* MainViewController.swift */ = {isa = PBXFileReference; lastKnownFileType = sourcecode.swift; path = MainViewController.swift; sourceTree = "<group>"; };
		6ACE5AF72740E599004DD020 /* Base */ = {isa = PBXFileReference; lastKnownFileType = file.storyboard; name = Base; path = Base.lproj/Main.storyboard; sourceTree = "<group>"; };
		6ACE5AF92740E59A004DD020 /* Assets.xcassets */ = {isa = PBXFileReference; lastKnownFileType = folder.assetcatalog; path = Assets.xcassets; sourceTree = "<group>"; };
		6ACE5AFC2740E59A004DD020 /* Base */ = {isa = PBXFileReference; lastKnownFileType = file.storyboard; name = Base; path = Base.lproj/LaunchScreen.storyboard; sourceTree = "<group>"; };
		6ACE5AFE2740E59A004DD020 /* Info.plist */ = {isa = PBXFileReference; lastKnownFileType = text.plist.xml; path = Info.plist; sourceTree = "<group>"; };
		6ACE5B082740E669004DD020 /* UITestExampleUITests.xctest */ = {isa = PBXFileReference; explicitFileType = wrapper.cfbundle; includeInIndex = 0; path = UITestExampleUITests.xctest; sourceTree = BUILT_PRODUCTS_DIR; };
		6ACE5B1A2740E92B004DD020 /* RankingViewController.swift */ = {isa = PBXFileReference; lastKnownFileType = sourcecode.swift; path = RankingViewController.swift; sourceTree = "<group>"; };
		6ACE5B1D2740ED26004DD020 /* ProductModel.swift */ = {isa = PBXFileReference; lastKnownFileType = sourcecode.swift; path = ProductModel.swift; sourceTree = "<group>"; };
		6ACE5B202740EDAB004DD020 /* RankingCell.swift */ = {isa = PBXFileReference; lastKnownFileType = sourcecode.swift; path = RankingCell.swift; sourceTree = "<group>"; };
/* End PBXFileReference section */

/* Begin PBXFrameworksBuildPhase section */
		6ACE5AEA2740E599004DD020 /* Frameworks */ = {
			isa = PBXFrameworksBuildPhase;
			buildActionMask = 2147483647;
			files = (
				6ACE5B152740E6E7004DD020 /* SnapKit in Frameworks */,
				6ACE5B182740E6F8004DD020 /* Then in Frameworks */,
			);
			runOnlyForDeploymentPostprocessing = 0;
		};
		6ACE5B052740E669004DD020 /* Frameworks */ = {
			isa = PBXFrameworksBuildPhase;
			buildActionMask = 2147483647;
			files = (
			);
			runOnlyForDeploymentPostprocessing = 0;
		};
/* End PBXFrameworksBuildPhase section */

/* Begin PBXGroup section */
		6ACE5AE42740E599004DD020 = {
			isa = PBXGroup;
			children = (
				6ACE5AEF2740E599004DD020 /* UITestExample */,
				6ACE5B092740E669004DD020 /* UITestExampleUITests */,
				6ACE5AEE2740E599004DD020 /* Products */,
			);
			sourceTree = "<group>";
		};
		6ACE5AEE2740E599004DD020 /* Products */ = {
			isa = PBXGroup;
			children = (
				6ACE5AED2740E599004DD020 /* UITestExample.app */,
				6ACE5B082740E669004DD020 /* UITestExampleUITests.xctest */,
			);
			name = Products;
			sourceTree = "<group>";
		};
		6ACE5AEF2740E599004DD020 /* UITestExample */ = {
			isa = PBXGroup;
			children = (
				6ACE5B1F2740ED9F004DD020 /* Views */,
				6ACE5B1C2740ED1B004DD020 /* Models */,
				6ACE5B192740E90F004DD020 /* ViewControllers */,
				6ACE5AF02740E599004DD020 /* AppDelegate.swift */,
				6ACE5AF22740E599004DD020 /* SceneDelegate.swift */,
				6ACE5AF62740E599004DD020 /* Main.storyboard */,
				6ACE5AF92740E59A004DD020 /* Assets.xcassets */,
				6ACE5AFB2740E59A004DD020 /* LaunchScreen.storyboard */,
				6ACE5AFE2740E59A004DD020 /* Info.plist */,
			);
			path = UITestExample;
			sourceTree = "<group>";
		};
		6ACE5B092740E669004DD020 /* UITestExampleUITests */ = {
			isa = PBXGroup;
			children = (
				6A91FECA2740FD2C0052EBE2 /* RankingViewControllerTests.swift */,
			);
			path = UITestExampleUITests;
			sourceTree = "<group>";
		};
		6ACE5B192740E90F004DD020 /* ViewControllers */ = {
			isa = PBXGroup;
			children = (
				6ACE5AF42740E599004DD020 /* MainViewController.swift */,
				6ACE5B1A2740E92B004DD020 /* RankingViewController.swift */,
			);
			path = ViewControllers;
			sourceTree = "<group>";
		};
		6ACE5B1C2740ED1B004DD020 /* Models */ = {
			isa = PBXGroup;
			children = (
				6ACE5B1D2740ED26004DD020 /* ProductModel.swift */,
				6A91FEC72740F7250052EBE2 /* cream.json */,
				6A91FEC62740F7250052EBE2 /* skin.json */,
			);
			path = Models;
			sourceTree = "<group>";
		};
		6ACE5B1F2740ED9F004DD020 /* Views */ = {
			isa = PBXGroup;
			children = (
				6ACE5B202740EDAB004DD020 /* RankingCell.swift */,
			);
			path = Views;
			sourceTree = "<group>";
		};
/* End PBXGroup section */

/* Begin PBXNativeTarget section */
		6ACE5AEC2740E599004DD020 /* UITestExample */ = {
			isa = PBXNativeTarget;
			buildConfigurationList = 6ACE5B012740E59A004DD020 /* Build configuration list for PBXNativeTarget "UITestExample" */;
			buildPhases = (
				6ACE5AE92740E599004DD020 /* Sources */,
				6ACE5AEA2740E599004DD020 /* Frameworks */,
				6ACE5AEB2740E599004DD020 /* Resources */,
			);
			buildRules = (
			);
			dependencies = (
			);
			name = UITestExample;
			packageProductDependencies = (
				6ACE5B142740E6E7004DD020 /* SnapKit */,
				6ACE5B172740E6F8004DD020 /* Then */,
			);
			productName = UITestExample;
			productReference = 6ACE5AED2740E599004DD020 /* UITestExample.app */;
			productType = "com.apple.product-type.application";
		};
		6ACE5B072740E669004DD020 /* UITestExampleUITests */ = {
			isa = PBXNativeTarget;
			buildConfigurationList = 6ACE5B102740E669004DD020 /* Build configuration list for PBXNativeTarget "UITestExampleUITests" */;
			buildPhases = (
				6ACE5B042740E669004DD020 /* Sources */,
				6ACE5B052740E669004DD020 /* Frameworks */,
				6ACE5B062740E669004DD020 /* Resources */,
			);
			buildRules = (
			);
			dependencies = (
				6ACE5B0F2740E669004DD020 /* PBXTargetDependency */,
			);
			name = UITestExampleUITests;
			productName = UITestExampleUITests;
			productReference = 6ACE5B082740E669004DD020 /* UITestExampleUITests.xctest */;
			productType = "com.apple.product-type.bundle.ui-testing";
		};
/* End PBXNativeTarget section */

/* Begin PBXProject section */
		6ACE5AE52740E599004DD020 /* Project object */ = {
			isa = PBXProject;
			attributes = {
				BuildIndependentTargetsInParallel = 1;
				LastSwiftUpdateCheck = 1310;
				LastUpgradeCheck = 1310;
				TargetAttributes = {
					6ACE5AEC2740E599004DD020 = {
						CreatedOnToolsVersion = 13.1;
					};
					6ACE5B072740E669004DD020 = {
						CreatedOnToolsVersion = 13.1;
						TestTargetID = 6ACE5AEC2740E599004DD020;
					};
				};
			};
			buildConfigurationList = 6ACE5AE82740E599004DD020 /* Build configuration list for PBXProject "UITestExample" */;
			compatibilityVersion = "Xcode 13.0";
			developmentRegion = en;
			hasScannedForEncodings = 0;
			knownRegions = (
				en,
				Base,
			);
			mainGroup = 6ACE5AE42740E599004DD020;
			packageReferences = (
				6ACE5B132740E6E7004DD020 /* XCRemoteSwiftPackageReference "SnapKit" */,
				6ACE5B162740E6F8004DD020 /* XCRemoteSwiftPackageReference "Then" */,
			);
			productRefGroup = 6ACE5AEE2740E599004DD020 /* Products */;
			projectDirPath = "";
			projectRoot = "";
			targets = (
				6ACE5AEC2740E599004DD020 /* UITestExample */,
				6ACE5B072740E669004DD020 /* UITestExampleUITests */,
			);
		};
/* End PBXProject section */

/* Begin PBXResourcesBuildPhase section */
		6ACE5AEB2740E599004DD020 /* Resources */ = {
			isa = PBXResourcesBuildPhase;
			buildActionMask = 2147483647;
			files = (
				6ACE5AFD2740E59A004DD020 /* LaunchScreen.storyboard in Resources */,
				6A91FEC92740F7250052EBE2 /* cream.json in Resources */,
				6ACE5AFA2740E59A004DD020 /* Assets.xcassets in Resources */,
				6A91FEC82740F7250052EBE2 /* skin.json in Resources */,
				6ACE5AF82740E599004DD020 /* Main.storyboard in Resources */,
			);
			runOnlyForDeploymentPostprocessing = 0;
		};
		6ACE5B062740E669004DD020 /* Resources */ = {
			isa = PBXResourcesBuildPhase;
			buildActionMask = 2147483647;
			files = (
			);
			runOnlyForDeploymentPostprocessing = 0;
		};
/* End PBXResourcesBuildPhase section */

/* Begin PBXSourcesBuildPhase section */
		6ACE5AE92740E599004DD020 /* Sources */ = {
			isa = PBXSourcesBuildPhase;
			buildActionMask = 2147483647;
			files = (
				6ACE5AF52740E599004DD020 /* MainViewController.swift in Sources */,
				6ACE5AF12740E599004DD020 /* AppDelegate.swift in Sources */,
				6ACE5B212740EDAB004DD020 /* RankingCell.swift in Sources */,
				6ACE5AF32740E599004DD020 /* SceneDelegate.swift in Sources */,
				6ACE5B1B2740E92B004DD020 /* RankingViewController.swift in Sources */,
				6ACE5B1E2740ED26004DD020 /* ProductModel.swift in Sources */,
			);
			runOnlyForDeploymentPostprocessing = 0;
		};
		6ACE5B042740E669004DD020 /* Sources */ = {
			isa = PBXSourcesBuildPhase;
			buildActionMask = 2147483647;
			files = (
				6A91FECB2740FD2C0052EBE2 /* RankingViewControllerTests.swift in Sources */,
			);
			runOnlyForDeploymentPostprocessing = 0;
		};
/* End PBXSourcesBuildPhase section */

/* Begin PBXTargetDependency section */
		6ACE5B0F2740E669004DD020 /* PBXTargetDependency */ = {
			isa = PBXTargetDependency;
			target = 6ACE5AEC2740E599004DD020 /* UITestExample */;
			targetProxy = 6ACE5B0E2740E669004DD020 /* PBXContainerItemProxy */;
		};
/* End PBXTargetDependency section */

/* Begin PBXVariantGroup section */
		6ACE5AF62740E599004DD020 /* Main.storyboard */ = {
			isa = PBXVariantGroup;
			children = (
				6ACE5AF72740E599004DD020 /* Base */,
			);
			name = Main.storyboard;
			sourceTree = "<group>";
		};
		6ACE5AFB2740E59A004DD020 /* LaunchScreen.storyboard */ = {
			isa = PBXVariantGroup;
			children = (
				6ACE5AFC2740E59A004DD020 /* Base */,
			);
			name = LaunchScreen.storyboard;
			sourceTree = "<group>";
		};
/* End PBXVariantGroup section */

/* Begin XCBuildConfiguration section */
		6ACE5AFF2740E59A004DD020 /* Debug */ = {
			isa = XCBuildConfiguration;
			buildSettings = {
				ALWAYS_SEARCH_USER_PATHS = NO;
				CLANG_ANALYZER_NONNULL = YES;
				CLANG_ANALYZER_NUMBER_OBJECT_CONVERSION = YES_AGGRESSIVE;
				CLANG_CXX_LANGUAGE_STANDARD = "gnu++17";
				CLANG_CXX_LIBRARY = "libc++";
				CLANG_ENABLE_MODULES = YES;
				CLANG_ENABLE_OBJC_ARC = YES;
				CLANG_ENABLE_OBJC_WEAK = YES;
				CLANG_WARN_BLOCK_CAPTURE_AUTORELEASING = YES;
				CLANG_WARN_BOOL_CONVERSION = YES;
				CLANG_WARN_COMMA = YES;
				CLANG_WARN_CONSTANT_CONVERSION = YES;
				CLANG_WARN_DEPRECATED_OBJC_IMPLEMENTATIONS = YES;
				CLANG_WARN_DIRECT_OBJC_ISA_USAGE = YES_ERROR;
				CLANG_WARN_DOCUMENTATION_COMMENTS = YES;
				CLANG_WARN_EMPTY_BODY = YES;
				CLANG_WARN_ENUM_CONVERSION = YES;
				CLANG_WARN_INFINITE_RECURSION = YES;
				CLANG_WARN_INT_CONVERSION = YES;
				CLANG_WARN_NON_LITERAL_NULL_CONVERSION = YES;
				CLANG_WARN_OBJC_IMPLICIT_RETAIN_SELF = YES;
				CLANG_WARN_OBJC_LITERAL_CONVERSION = YES;
				CLANG_WARN_OBJC_ROOT_CLASS = YES_ERROR;
				CLANG_WARN_QUOTED_INCLUDE_IN_FRAMEWORK_HEADER = YES;
				CLANG_WARN_RANGE_LOOP_ANALYSIS = YES;
				CLANG_WARN_STRICT_PROTOTYPES = YES;
				CLANG_WARN_SUSPICIOUS_MOVE = YES;
				CLANG_WARN_UNGUARDED_AVAILABILITY = YES_AGGRESSIVE;
				CLANG_WARN_UNREACHABLE_CODE = YES;
				CLANG_WARN__DUPLICATE_METHOD_MATCH = YES;
				COPY_PHASE_STRIP = NO;
				DEBUG_INFORMATION_FORMAT = dwarf;
				ENABLE_STRICT_OBJC_MSGSEND = YES;
				ENABLE_TESTABILITY = YES;
				GCC_C_LANGUAGE_STANDARD = gnu11;
				GCC_DYNAMIC_NO_PIC = NO;
				GCC_NO_COMMON_BLOCKS = YES;
				GCC_OPTIMIZATION_LEVEL = 0;
				GCC_PREPROCESSOR_DEFINITIONS = (
					"DEBUG=1",
					"$(inherited)",
				);
				GCC_WARN_64_TO_32_BIT_CONVERSION = YES;
				GCC_WARN_ABOUT_RETURN_TYPE = YES_ERROR;
				GCC_WARN_UNDECLARED_SELECTOR = YES;
				GCC_WARN_UNINITIALIZED_AUTOS = YES_AGGRESSIVE;
				GCC_WARN_UNUSED_FUNCTION = YES;
				GCC_WARN_UNUSED_VARIABLE = YES;
				IPHONEOS_DEPLOYMENT_TARGET = 15.0;
				MTL_ENABLE_DEBUG_INFO = INCLUDE_SOURCE;
				MTL_FAST_MATH = YES;
				ONLY_ACTIVE_ARCH = YES;
				SDKROOT = iphoneos;
				SWIFT_ACTIVE_COMPILATION_CONDITIONS = DEBUG;
				SWIFT_OPTIMIZATION_LEVEL = "-Onone";
			};
			name = Debug;
		};
		6ACE5B002740E59A004DD020 /* Release */ = {
			isa = XCBuildConfiguration;
			buildSettings = {
				ALWAYS_SEARCH_USER_PATHS = NO;
				CLANG_ANALYZER_NONNULL = YES;
				CLANG_ANALYZER_NUMBER_OBJECT_CONVERSION = YES_AGGRESSIVE;
				CLANG_CXX_LANGUAGE_STANDARD = "gnu++17";
				CLANG_CXX_LIBRARY = "libc++";
				CLANG_ENABLE_MODULES = YES;
				CLANG_ENABLE_OBJC_ARC = YES;
				CLANG_ENABLE_OBJC_WEAK = YES;
				CLANG_WARN_BLOCK_CAPTURE_AUTORELEASING = YES;
				CLANG_WARN_BOOL_CONVERSION = YES;
				CLANG_WARN_COMMA = YES;
				CLANG_WARN_CONSTANT_CONVERSION = YES;
				CLANG_WARN_DEPRECATED_OBJC_IMPLEMENTATIONS = YES;
				CLANG_WARN_DIRECT_OBJC_ISA_USAGE = YES_ERROR;
				CLANG_WARN_DOCUMENTATION_COMMENTS = YES;
				CLANG_WARN_EMPTY_BODY = YES;
				CLANG_WARN_ENUM_CONVERSION = YES;
				CLANG_WARN_INFINITE_RECURSION = YES;
				CLANG_WARN_INT_CONVERSION = YES;
				CLANG_WARN_NON_LITERAL_NULL_CONVERSION = YES;
				CLANG_WARN_OBJC_IMPLICIT_RETAIN_SELF = YES;
				CLANG_WARN_OBJC_LITERAL_CONVERSION = YES;
				CLANG_WARN_OBJC_ROOT_CLASS = YES_ERROR;
				CLANG_WARN_QUOTED_INCLUDE_IN_FRAMEWORK_HEADER = YES;
				CLANG_WARN_RANGE_LOOP_ANALYSIS = YES;
				CLANG_WARN_STRICT_PROTOTYPES = YES;
				CLANG_WARN_SUSPICIOUS_MOVE = YES;
				CLANG_WARN_UNGUARDED_AVAILABILITY = YES_AGGRESSIVE;
				CLANG_WARN_UNREACHABLE_CODE = YES;
				CLANG_WARN__DUPLICATE_METHOD_MATCH = YES;
				COPY_PHASE_STRIP = NO;
				DEBUG_INFORMATION_FORMAT = "dwarf-with-dsym";
				ENABLE_NS_ASSERTIONS = NO;
				ENABLE_STRICT_OBJC_MSGSEND = YES;
				GCC_C_LANGUAGE_STANDARD = gnu11;
				GCC_NO_COMMON_BLOCKS = YES;
				GCC_WARN_64_TO_32_BIT_CONVERSION = YES;
				GCC_WARN_ABOUT_RETURN_TYPE = YES_ERROR;
				GCC_WARN_UNDECLARED_SELECTOR = YES;
				GCC_WARN_UNINITIALIZED_AUTOS = YES_AGGRESSIVE;
				GCC_WARN_UNUSED_FUNCTION = YES;
				GCC_WARN_UNUSED_VARIABLE = YES;
				IPHONEOS_DEPLOYMENT_TARGET = 15.0;
				MTL_ENABLE_DEBUG_INFO = NO;
				MTL_FAST_MATH = YES;
				SDKROOT = iphoneos;
				SWIFT_COMPILATION_MODE = wholemodule;
				SWIFT_OPTIMIZATION_LEVEL = "-O";
				VALIDATE_PRODUCT = YES;
			};
			name = Release;
		};
		6ACE5B022740E59A004DD020 /* Debug */ = {
			isa = XCBuildConfiguration;
			buildSettings = {
				ASSETCATALOG_COMPILER_APPICON_NAME = AppIcon;
				ASSETCATALOG_COMPILER_GLOBAL_ACCENT_COLOR_NAME = AccentColor;
				CODE_SIGN_IDENTITY = "Apple Development";
				CODE_SIGN_STYLE = Manual;
				CURRENT_PROJECT_VERSION = 1;
				DEVELOPMENT_TEAM = "";
				GENERATE_INFOPLIST_FILE = YES;
				INFOPLIST_FILE = UITestExample/Info.plist;
				INFOPLIST_KEY_UIApplicationSupportsIndirectInputEvents = YES;
				INFOPLIST_KEY_UILaunchStoryboardName = LaunchScreen;
				INFOPLIST_KEY_UIMainStoryboardFile = Main;
				INFOPLIST_KEY_UISupportedInterfaceOrientations_iPad = "UIInterfaceOrientationPortrait UIInterfaceOrientationPortraitUpsideDown UIInterfaceOrientationLandscapeLeft UIInterfaceOrientationLandscapeRight";
				INFOPLIST_KEY_UISupportedInterfaceOrientations_iPhone = "UIInterfaceOrientationPortrait UIInterfaceOrientationLandscapeLeft UIInterfaceOrientationLandscapeRight";
				LD_RUNPATH_SEARCH_PATHS = (
					"$(inherited)",
					"@executable_path/Frameworks",
				);
				MARKETING_VERSION = 1.0;
				PRODUCT_BUNDLE_IDENTIFIER = com.hmkim.UITestExample;
				PRODUCT_NAME = "$(TARGET_NAME)";
				PROVISIONING_PROFILE_SPECIFIER = "";
				SWIFT_EMIT_LOC_STRINGS = YES;
				SWIFT_VERSION = 5.0;
				TARGETED_DEVICE_FAMILY = "1,2";
			};
			name = Debug;
		};
		6ACE5B032740E59A004DD020 /* Release */ = {
			isa = XCBuildConfiguration;
			buildSettings = {
				ASSETCATALOG_COMPILER_APPICON_NAME = AppIcon;
				ASSETCATALOG_COMPILER_GLOBAL_ACCENT_COLOR_NAME = AccentColor;
				CODE_SIGN_IDENTITY = "Apple Development";
				CODE_SIGN_STYLE = Manual;
				CURRENT_PROJECT_VERSION = 1;
				DEVELOPMENT_TEAM = "";
				GENERATE_INFOPLIST_FILE = YES;
				INFOPLIST_FILE = UITestExample/Info.plist;
				INFOPLIST_KEY_UIApplicationSupportsIndirectInputEvents = YES;
				INFOPLIST_KEY_UILaunchStoryboardName = LaunchScreen;
				INFOPLIST_KEY_UIMainStoryboardFile = Main;
				INFOPLIST_KEY_UISupportedInterfaceOrientations_iPad = "UIInterfaceOrientationPortrait UIInterfaceOrientationPortraitUpsideDown UIInterfaceOrientationLandscapeLeft UIInterfaceOrientationLandscapeRight";
				INFOPLIST_KEY_UISupportedInterfaceOrientations_iPhone = "UIInterfaceOrientationPortrait UIInterfaceOrientationLandscapeLeft UIInterfaceOrientationLandscapeRight";
				LD_RUNPATH_SEARCH_PATHS = (
					"$(inherited)",
					"@executable_path/Frameworks",
				);
				MARKETING_VERSION = 1.0;
				PRODUCT_BUNDLE_IDENTIFIER = com.hmkim.UITestExample;
				PRODUCT_NAME = "$(TARGET_NAME)";
				PROVISIONING_PROFILE_SPECIFIER = "";
				SWIFT_EMIT_LOC_STRINGS = YES;
				SWIFT_VERSION = 5.0;
				TARGETED_DEVICE_FAMILY = "1,2";
			};
			name = Release;
		};
		6ACE5B112740E669004DD020 /* Debug */ = {
			isa = XCBuildConfiguration;
			buildSettings = {
				CODE_SIGN_STYLE = Manual;
				CURRENT_PROJECT_VERSION = 1;
				DEVELOPMENT_TEAM = "";
				GENERATE_INFOPLIST_FILE = YES;
				LD_RUNPATH_SEARCH_PATHS = (
					"$(inherited)",
					"@executable_path/Frameworks",
					"@loader_path/Frameworks",
				);
				MARKETING_VERSION = 1.0;
				PRODUCT_BUNDLE_IDENTIFIER = com.hmkim.UITestExampleUITests;
				PRODUCT_NAME = "$(TARGET_NAME)";
				PROVISIONING_PROFILE_SPECIFIER = "";
				"PROVISIONING_PROFILE_SPECIFIER[sdk=macosx*]" = "";
				SWIFT_EMIT_LOC_STRINGS = NO;
				SWIFT_VERSION = 5.0;
				TARGETED_DEVICE_FAMILY = "1,2";
				TEST_TARGET_NAME = UITestExample;
			};
			name = Debug;
		};
		6ACE5B122740E669004DD020 /* Release */ = {
			isa = XCBuildConfiguration;
			buildSettings = {
				CODE_SIGN_STYLE = Manual;
				CURRENT_PROJECT_VERSION = 1;
				DEVELOPMENT_TEAM = "";
				GENERATE_INFOPLIST_FILE = YES;
				LD_RUNPATH_SEARCH_PATHS = (
					"$(inherited)",
					"@executable_path/Frameworks",
					"@loader_path/Frameworks",
				);
				MARKETING_VERSION = 1.0;
				PRODUCT_BUNDLE_IDENTIFIER = com.hmkim.UITestExampleUITests;
				PRODUCT_NAME = "$(TARGET_NAME)";
				PROVISIONING_PROFILE_SPECIFIER = "";
				"PROVISIONING_PROFILE_SPECIFIER[sdk=macosx*]" = "";
				SWIFT_EMIT_LOC_STRINGS = NO;
				SWIFT_VERSION = 5.0;
				TARGETED_DEVICE_FAMILY = "1,2";
				TEST_TARGET_NAME = UITestExample;
			};
			name = Release;
		};
/* End XCBuildConfiguration section */

/* Begin XCConfigurationList section */
		6ACE5AE82740E599004DD020 /* Build configuration list for PBXProject "UITestExample" */ = {
			isa = XCConfigurationList;
			buildConfigurations = (
				6ACE5AFF2740E59A004DD020 /* Debug */,
				6ACE5B002740E59A004DD020 /* Release */,
			);
			defaultConfigurationIsVisible = 0;
			defaultConfigurationName = Release;
		};
		6ACE5B012740E59A004DD020 /* Build configuration list for PBXNativeTarget "UITestExample" */ = {
			isa = XCConfigurationList;
			buildConfigurations = (
				6ACE5B022740E59A004DD020 /* Debug */,
				6ACE5B032740E59A004DD020 /* Release */,
			);
			defaultConfigurationIsVisible = 0;
			defaultConfigurationName = Release;
		};
		6ACE5B102740E669004DD020 /* Build configuration list for PBXNativeTarget "UITestExampleUITests" */ = {
			isa = XCConfigurationList;
			buildConfigurations = (
				6ACE5B112740E669004DD020 /* Debug */,
				6ACE5B122740E669004DD020 /* Release */,
			);
			defaultConfigurationIsVisible = 0;
			defaultConfigurationName = Release;
		};
/* End XCConfigurationList section */

/* Begin XCRemoteSwiftPackageReference section */
		6ACE5B132740E6E7004DD020 /* XCRemoteSwiftPackageReference "SnapKit" */ = {
			isa = XCRemoteSwiftPackageReference;
			repositoryURL = "https://github.com/SnapKit/SnapKit";
			requirement = {
				kind = upToNextMajorVersion;
				minimumVersion = 5.0.0;
			};
		};
		6ACE5B162740E6F8004DD020 /* XCRemoteSwiftPackageReference "Then" */ = {
			isa = XCRemoteSwiftPackageReference;
			repositoryURL = "https://github.com/devxoul/Then";
			requirement = {
				kind = upToNextMajorVersion;
				minimumVersion = 2.0.0;
			};
		};
/* End XCRemoteSwiftPackageReference section */

/* Begin XCSwiftPackageProductDependency section */
		6ACE5B142740E6E7004DD020 /* SnapKit */ = {
			isa = XCSwiftPackageProductDependency;
			package = 6ACE5B132740E6E7004DD020 /* XCRemoteSwiftPackageReference "SnapKit" */;
			productName = SnapKit;
		};
		6ACE5B172740E6F8004DD020 /* Then */ = {
			isa = XCSwiftPackageProductDependency;
			package = 6ACE5B162740E6F8004DD020 /* XCRemoteSwiftPackageReference "Then" */;
			productName = Then;
		};
/* End XCSwiftPackageProductDependency section */
	};
	rootObject = 6ACE5AE52740E599004DD020 /* Project object */;
}
